
Microsoft Visual Studio Solution File, Format Version 12.00
# Visual Studio Version 16
VisualStudioVersion = 16.0.29911.84
MinimumVisualStudioVersion = 10.0.40219.1
Project("{FAE04EC0-301F-11D3-BF4B-00C04F79EFBC}") = "Services", "Services\Services.csproj", "{1AD3B9B7-2402-4543-AFF4-F97A12EF21D3}"
EndProject
Global
	GlobalSection(SolutionConfigurationPlatforms) = preSolution
		Debug|Any CPU = Debug|Any CPU
		Release|Any CPU = Release|Any CPU
	EndGlobalSection
	GlobalSection(ProjectConfigurationPlatforms) = postSolution
		{1AD3B9B7-2402-4543-AFF4-F97A12EF21D3}.Debug|Any CPU.ActiveCfg = Debug|Any CPU
		{1AD3B9B7-2402-4543-AFF4-F97A12EF21D3}.Debug|Any CPU.Build.0 = Debug|Any CPU
		{1AD3B9B7-2402-4543-AFF4-F97A12EF21D3}.Release|Any CPU.ActiveCfg = Release|Any CPU
		{1AD3B9B7-2402-4543-AFF4-F97A12EF21D3}.Release|Any CPU.Build.0 = Release|Any CPU
	EndGlobalSection
	GlobalSection(SolutionProperties) = preSolution
		HideSolutionNode = FALSE
	EndGlobalSection
	GlobalSection(ExtensibilityGlobals) = postSolution
		SolutionGuid = {684365EF-21C3-4317-AD11-6E7152356D73}
	EndGlobalSection
EndGlobal
